
Microsoft Visual Studio Solution File, Format Version 12.00
# Visual Studio Version 17
VisualStudioVersion = 17.0.32014.148
MinimumVisualStudioVersion = 10.0.40219.1
Project("{9A19103F-16F7-4668-BE54-9A1E7A4F7556}") = "WebApp", "WebApp\WebApp.csproj", "{53E4D554-0A2B-4C20-8352-16A8618C3360}"
EndProject
Project("{9A19103F-16F7-4668-BE54-9A1E7A4F7556}") = "ChinookLibrary", "ChinookLibrary\ChinookLibrary.csproj", "{F90395C1-085F-4D42-BB54-F36CF71BC02C}"
EndProject
Global
	GlobalSection(SolutionConfigurationPlatforms) = preSolution
		Debug|Any CPU = Debug|Any CPU
		Release|Any CPU = Release|Any CPU
	EndGlobalSection
	GlobalSection(ProjectConfigurationPlatforms) = postSolution
		{53E4D554-0A2B-4C20-8352-16A8618C3360}.Debug|Any CPU.ActiveCfg = Debug|Any CPU
		{53E4D554-0A2B-4C20-8352-16A8618C3360}.Debug|Any CPU.Build.0 = Debug|Any CPU
		{53E4D554-0A2B-4C20-8352-16A8618C3360}.Release|Any CPU.ActiveCfg = Release|Any CPU
		{53E4D554-0A2B-4C20-8352-16A8618C3360}.Release|Any CPU.Build.0 = Release|Any CPU
		{F90395C1-085F-4D42-BB54-F36CF71BC02C}.Debug|Any CPU.ActiveCfg = Debug|Any CPU
		{F90395C1-085F-4D42-BB54-F36CF71BC02C}.Debug|Any CPU.Build.0 = Debug|Any CPU
		{F90395C1-085F-4D42-BB54-F36CF71BC02C}.Release|Any CPU.ActiveCfg = Release|Any CPU
		{F90395C1-085F-4D42-BB54-F36CF71BC02C}.Release|Any CPU.Build.0 = Release|Any CPU
	EndGlobalSection
	GlobalSection(SolutionProperties) = preSolution
		HideSolutionNode = FALSE
	EndGlobalSection
	GlobalSection(ExtensibilityGlobals) = postSolution
		SolutionGuid = {C3D5167C-BD11-445E-9C9D-A93C482A63F3}
	EndGlobalSection
EndGlobal
